PODS:
  - Alamofire (5.5.0)
  - Introspect (0.1.4)
  - Kingfisher (7.2.0)
  - SwiftyXMLParser (5.5.0)

DEPENDENCIES:
  - Alamofire (~> 5.5)
  - Introspect
  - Kingfisher
  - SwiftyXMLParser (from `https://github.com/yahoojapan/SwiftyXMLParser.git`)

SPEC REPOS:
  trunk:
    - Alamofire
    - Introspect
    - Kingfisher

EXTERNAL SOURCES:
  SwiftyXMLParser:
    :git: https://github.com/yahoojapan/SwiftyXMLParser.git

CHECKOUT OPTIONS:
  SwiftyXMLParser:
    :commit: d7a1d23f04c86c1cd2e8f19247dd15d74e0ea8be
    :git: https://github.com/yahoojapan/SwiftyXMLParser.git

SPEC CHECKSUMS:
  Alamofire: 1c4fb5369c3fe93d2857c780d8bbe09f06f97e7c
  Introspect: b62c4dd2063072327c21d618ef2bedc3c87bc366
  Kingfisher: 3ac0b75b155cabc0e544877d1a4deea29feece92
  SwiftyXMLParser: 027d9e6fb54a38d95dccec025bcea9693f699c47

PODFILE CHECKSUM: 112741db75f894c09a65bad957a873e438f14078

COCOAPODS: 1.11.2
